// !$*UTF8*$!
{
	archiveVersion = 1;
	classes = {
	};
	objectVersion = 48;
	objects = {

/* Begin PBXBuildFile section */
		183DF11D1FAEEA3400EB8D03 /* main.m in Sources */ = {isa = PBXBuildFile; fileRef = 183DF11C1FAEEA3400EB8D03 /* main.m */; };
		183DF1251FAEEF2100EB8D03 /* SJBlockOne.m in Sources */ = {isa = PBXBuildFile; fileRef = 183DF1241FAEEF2100EB8D03 /* SJBlockOne.m */; };
/* End PBXBuildFile section */

/* Begin PBXCopyFilesBuildPhase section */
		183DF1171FAEEA3400EB8D03 /* CopyFiles */ = {
			isa = PBXCopyFilesBuildPhase;
			buildActionMask = 2147483647;
			dstPath = /usr/share/man/man1/;
			dstSubfolderSpec = 0;
			files = (
			);
			runOnlyForDeploymentPostprocessing = 1;
		};
/* End PBXCopyFilesBuildPhase section */

/* Begin PBXFileReference section */
		183DF1191FAEEA3400EB8D03 /* SJBlock */ = {isa = PBXFileReference; explicitFileType = "compiled.mach-o.executable"; includeInIndex = 0; path = SJBlock; sourceTree = BUILT_PRODUCTS_DIR; };
		183DF11C1FAEEA3400EB8D03 /* main.m */ = {isa = PBXFileReference; lastKnownFileType = sourcecode.c.objc; path = main.m; sourceTree = "<group>"; };
		183DF1231FAEEF2100EB8D03 /* SJBlockOne.h */ = {isa = PBXFileReference; lastKnownFileType = sourcecode.c.h; path = SJBlockOne.h; sourceTree = "<group>"; };
		183DF1241FAEEF2100EB8D03 /* SJBlockOne.m */ = {isa = PBXFileReference; lastKnownFileType = sourcecode.c.objc; path = SJBlockOne.m; sourceTree = "<group>"; };
/* End PBXFileReference section */

/* Begin PBXFrameworksBuildPhase section */
		183DF1161FAEEA3400EB8D03 /* Frameworks */ = {
			isa = PBXFrameworksBuildPhase;
			buildActionMask = 2147483647;
			files = (
			);
			runOnlyForDeploymentPostprocessing = 0;
		};
/* End PBXFrameworksBuildPhase section */

/* Begin PBXGroup section */
		183DF1101FAEEA3400EB8D03 = {
			isa = PBXGroup;
			children = (
				183DF11B1FAEEA3400EB8D03 /* SJBlock */,
				183DF11A1FAEEA3400EB8D03 /* Products */,
			);
			sourceTree = "<group>";
		};
		183DF11A1FAEEA3400EB8D03 /* Products */ = {
			isa = PBXGroup;
			children = (
				183DF1191FAEEA3400EB8D03 /* SJBlock */,
			);
			name = Products;
			sourceTree = "<group>";
		};
		183DF11B1FAEEA3400EB8D03 /* SJBlock */ = {
			isa = PBXGroup;
			children = (
				183DF11C1FAEEA3400EB8D03 /* main.m */,
				183DF1231FAEEF2100EB8D03 /* SJBlockOne.h */,
				183DF1241FAEEF2100EB8D03 /* SJBlockOne.m */,
			);
			path = SJBlock;
			sourceTree = "<group>";
		};
/* End PBXGroup section */

/* Begin PBXNativeTarget section */
		183DF1181FAEEA3400EB8D03 /* SJBlock */ = {
			isa = PBXNativeTarget;
			buildConfigurationList = 183DF1201FAEEA3400EB8D03 /* Build configuration list for PBXNativeTarget "SJBlock" */;
			buildPhases = (
				183DF1151FAEEA3400EB8D03 /* Sources */,
				183DF1161FAEEA3400EB8D03 /* Frameworks */,
				183DF1171FAEEA3400EB8D03 /* CopyFiles */,
			);
			buildRules = (
			);
			dependencies = (
			);
			name = SJBlock;
			productName = SJBlock;
			productReference = 183DF1191FAEEA3400EB8D03 /* SJBlock */;
			productType = "com.apple.product-type.tool";
		};
/* End PBXNativeTarget section */

/* Begin PBXProject section */
		183DF1111FAEEA3400EB8D03 /* Project object */ = {
			isa = PBXProject;
			attributes = {
				LastUpgradeCheck = 0900;
				ORGANIZATIONNAME = "周社军";
				TargetAttributes = {
					183DF1181FAEEA3400EB8D03 = {
						CreatedOnToolsVersion = 9.0.1;
						ProvisioningStyle = Automatic;
					};
				};
			};
			buildConfigurationList = 183DF1141FAEEA3400EB8D03 /* Build configuration list for PBXProject "SJBlock" */;
			compatibilityVersion = "Xcode 8.0";
			developmentRegion = en;
			hasScannedForEncodings = 0;
			knownRegions = (
				en,
			);
			mainGroup = 183DF1101FAEEA3400EB8D03;
			productRefGroup = 183DF11A1FAEEA3400EB8D03 /* Products */;
			projectDirPath = "";
			projectRoot = "";
			targets = (
				183DF1181FAEEA3400EB8D03 /* SJBlock */,
			);
		};
/* End PBXProject section */

/* Begin PBXSourcesBuildPhase section */
		183DF1151FAEEA3400EB8D03 /* Sources */ = {
			isa = PBXSourcesBuildPhase;
			buildActionMask = 2147483647;
			files = (
				183DF11D1FAEEA3400EB8D03 /* main.m in Sources */,
				183DF1251FAEEF2100EB8D03 /* SJBlockOne.m in Sources */,
			);
			runOnlyForDeploymentPostprocessing = 0;
		};
/* End PBXSourcesBuildPhase section */

/* Begin XCBuildConfiguration section */
		183DF11E1FAEEA3400EB8D03 /* Debug */ = {
			isa = XCBuildConfiguration;
			buildSettings = {
				ALWAYS_SEARCH_USER_PATHS = NO;
				CLANG_ANALYZER_NONNULL = YES;
				CLANG_ANALYZER_NUMBER_OBJECT_CONVERSION = YES_AGGRESSIVE;
				CLANG_CXX_LANGUAGE_STANDARD = "gnu++14";
				CLANG_CXX_LIBRARY = "libc++";
				CLANG_ENABLE_MODULES = YES;
				CLANG_ENABLE_OBJC_ARC = YES;
				CLANG_WARN_BLOCK_CAPTURE_AUTORELEASING = YES;
				CLANG_WARN_BOOL_CONVERSION = YES;
				CLANG_WARN_COMMA = YES;
				CLANG_WARN_CONSTANT_CONVERSION = YES;
				CLANG_WARN_DIRECT_OBJC_ISA_USAGE = YES_ERROR;
				CLANG_WARN_DOCUMENTATION_COMMENTS = YES;
				CLANG_WARN_EMPTY_BODY = YES;
				CLANG_WARN_ENUM_CONVERSION = YES;
				CLANG_WARN_INFINITE_RECURSION = YES;
				CLANG_WARN_INT_CONVERSION = YES;
				CLANG_WARN_NON_LITERAL_NULL_CONVERSION = YES;
				CLANG_WARN_OBJC_LITERAL_CONVERSION = YES;
				CLANG_WARN_OBJC_ROOT_CLASS = YES_ERROR;
				CLANG_WARN_RANGE_LOOP_ANALYSIS = YES;
				CLANG_WARN_STRICT_PROTOTYPES = YES;
				CLANG_WARN_SUSPICIOUS_MOVE = YES;
				CLANG_WARN_UNGUARDED_AVAILABILITY = YES_AGGRESSIVE;
				CLANG_WARN_UNREACHABLE_CODE = YES;
				CLANG_WARN__DUPLICATE_METHOD_MATCH = YES;
				CODE_SIGN_IDENTITY = "Mac Developer";
				COPY_PHASE_STRIP = NO;
				DEBUG_INFORMATION_FORMAT = dwarf;
				ENABLE_STRICT_OBJC_MSGSEND = YES;
				ENABLE_TESTABILITY = YES;
				GCC_C_LANGUAGE_STANDARD = gnu11;
				GCC_DYNAMIC_NO_PIC = NO;
				GCC_NO_COMMON_BLOCKS = YES;
				GCC_OPTIMIZATION_LEVEL = 0;
				GCC_PREPROCESSOR_DEFINITIONS = (
					"DEBUG=1",
					"$(inherited)",
				);
				GCC_WARN_64_TO_32_BIT_CONVERSION = YES;
				GCC_WARN_ABOUT_RETURN_TYPE = YES_ERROR;
				GCC_WARN_UNDECLARED_SELECTOR = YES;
				GCC_WARN_UNINITIALIZED_AUTOS = YES_AGGRESSIVE;
				GCC_WARN_UNUSED_FUNCTION = YES;
				GCC_WARN_UNUSED_VARIABLE = YES;
				MACOSX_DEPLOYMENT_TARGET = 10.12;
				MTL_ENABLE_DEBUG_INFO = YES;
				ONLY_ACTIVE_ARCH = YES;
				SDKROOT = macosx;
			};
			name = Debug;
		};
		183DF11F1FAEEA3400EB8D03 /* Release */ = {
			isa = XCBuildConfiguration;
			buildSettings = {
				ALWAYS_SEARCH_USER_PATHS = NO;
				CLANG_ANALYZER_NONNULL = YES;
				CLANG_ANALYZER_NUMBER_OBJECT_CONVERSION = YES_AGGRESSIVE;
				CLANG_CXX_LANGUAGE_STANDARD = "gnu++14";
				CLANG_CXX_LIBRARY = "libc++";
				CLANG_ENABLE_MODULES = YES;
				CLANG_ENABLE_OBJC_ARC = YES;
				CLANG_WARN_BLOCK_CAPTURE_AUTORELEASING = YES;
				CLANG_WARN_BOOL_CONVERSION = YES;
				CLANG_WARN_COMMA = YES;
				CLANG_WARN_CONSTANT_CONVERSION = YES;
				CLANG_WARN_DIRECT_OBJC_ISA_USAGE = YES_ERROR;
				CLANG_WARN_DOCUMENTATION_COMMENTS = YES;
				CLANG_WARN_EMPTY_BODY = YES;
				CLANG_WARN_ENUM_CONVERSION = YES;
				CLANG_WARN_INFINITE_RECURSION = YES;
				CLANG_WARN_INT_CONVERSION = YES;
				CLANG_WARN_NON_LITERAL_NULL_CONVERSION = YES;
				CLANG_WARN_OBJC_LITERAL_CONVERSION = YES;
				CLANG_WARN_OBJC_ROOT_CLASS = YES_ERROR;
				CLANG_WARN_RANGE_LOOP_ANALYSIS = YES;
				CLANG_WARN_STRICT_PROTOTYPES = YES;
				CLANG_WARN_SUSPICIOUS_MOVE = YES;
				CLANG_WARN_UNGUARDED_AVAILABILITY = YES_AGGRESSIVE;
				CLANG_WARN_UNREACHABLE_CODE = YES;
				CLANG_WARN__DUPLICATE_METHOD_MATCH = YES;
				CODE_SIGN_IDENTITY = "Mac Developer";
				COPY_PHASE_STRIP = NO;
				DEBUG_INFORMATION_FORMAT = "dwarf-with-dsym";
				ENABLE_NS_ASSERTIONS = NO;
				ENABLE_STRICT_OBJC_MSGSEND = YES;
				GCC_C_LANGUAGE_STANDARD = gnu11;
				GCC_NO_COMMON_BLOCKS = YES;
				GCC_WARN_64_TO_32_BIT_CONVERSION = YES;
				GCC_WARN_ABOUT_RETURN_TYPE = YES_ERROR;
				GCC_WARN_UNDECLARED_SELECTOR = YES;
				GCC_WARN_UNINITIALIZED_AUTOS = YES_AGGRESSIVE;
				GCC_WARN_UNUSED_FUNCTION = YES;
				GCC_WARN_UNUSED_VARIABLE = YES;
				MACOSX_DEPLOYMENT_TARGET = 10.12;
				MTL_ENABLE_DEBUG_INFO = NO;
				SDKROOT = macosx;
			};
			name = Release;
		};
		183DF1211FAEEA3400EB8D03 /* Debug */ = {
			isa = XCBuildConfiguration;
			buildSettings = {
				CODE_SIGN_STYLE = Automatic;
				DEVELOPMENT_TEAM = 6NLHX4X49M;
				PRODUCT_NAME = "$(TARGET_NAME)";
			};
			name = Debug;
		};
		183DF1221FAEEA3400EB8D03 /* Release */ = {
			isa = XCBuildConfiguration;
			buildSettings = {
				CODE_SIGN_STYLE = Automatic;
				DEVELOPMENT_TEAM = 6NLHX4X49M;
				PRODUCT_NAME = "$(TARGET_NAME)";
			};
			name = Release;
		};
/* End XCBuildConfiguration section */

/* Begin XCConfigurationList section */
		183DF1141FAEEA3400EB8D03 /* Build configuration list for PBXProject "SJBlock" */ = {
			isa = XCConfigurationList;
			buildConfigurations = (
				183DF11E1FAEEA3400EB8D03 /* Debug */,
				183DF11F1FAEEA3400EB8D03 /* Release */,
			);
			defaultConfigurationIsVisible = 0;
			defaultConfigurationName = Release;
		};
		183DF1201FAEEA3400EB8D03 /* Build configuration list for PBXNativeTarget "SJBlock" */ = {
			isa = XCConfigurationList;
			buildConfigurations = (
				183DF1211FAEEA3400EB8D03 /* Debug */,
				183DF1221FAEEA3400EB8D03 /* Release */,
			);
			defaultConfigurationIsVisible = 0;
			defaultConfigurationName = Release;
		};
/* End XCConfigurationList section */
	};
	rootObject = 183DF1111FAEEA3400EB8D03 /* Project object */;
}
